uuid: 3030754e-aa43-4bbc-a99f-d4f197cc7fdf
langcode: en
status: true
dependencies:
  content:
    - 'block_content:rotator:fa05e0e1-2442-4deb-bf8c-c71b69ecbc99'
  module:
    - block_content
  theme:
    - bartik
id: rotatorblock
theme: bartik
region: featured_top
weight: 0
provider: null
plugin: 'block_content:fa05e0e1-2442-4deb-bf8c-c71b69ecbc99'
settings:
  id: 'block_content:fa05e0e1-2442-4deb-bf8c-c71b69ecbc99'
  label: 'Rotator block'
  provider: block_content
  label_display: visible
  status: true
  info: ''
  view_mode: full
visibility: {  }
